
Microsoft Visual Studio Solution File, Format Version 12.00
Project("{FAE04EC0-301F-11D3-BF4B-00C04F79EFBC}") = "MmoServer", "MmoServer\MmoServer.csproj", "{67864848-C618-4398-93B2-7EF51BBB0721}"
EndProject
Project("{FAE04EC0-301F-11D3-BF4B-00C04F79EFBC}") = "MmoShared", "MmoShared\MmoShared.csproj", "{5DB1D355-A090-4757-8845-6763C5DC14C5}"
EndProject
Global
	GlobalSection(SolutionConfigurationPlatforms) = preSolution
		Debug|Any CPU = Debug|Any CPU
		Release|Any CPU = Release|Any CPU
		Shared|Any CPU = Shared|Any CPU
	EndGlobalSection
	GlobalSection(ProjectConfigurationPlatforms) = postSolution
		{67864848-C618-4398-93B2-7EF51BBB0721}.Debug|Any CPU.ActiveCfg = Debug|Any CPU
		{67864848-C618-4398-93B2-7EF51BBB0721}.Debug|Any CPU.Build.0 = Debug|Any CPU
		{67864848-C618-4398-93B2-7EF51BBB0721}.Release|Any CPU.ActiveCfg = Release|Any CPU
		{67864848-C618-4398-93B2-7EF51BBB0721}.Release|Any CPU.Build.0 = Release|Any CPU
		{67864848-C618-4398-93B2-7EF51BBB0721}.Shared|Any CPU.ActiveCfg = Shared|Any CPU
		{5DB1D355-A090-4757-8845-6763C5DC14C5}.Debug|Any CPU.ActiveCfg = Debug|Any CPU
		{5DB1D355-A090-4757-8845-6763C5DC14C5}.Debug|Any CPU.Build.0 = Debug|Any CPU
		{5DB1D355-A090-4757-8845-6763C5DC14C5}.Release|Any CPU.ActiveCfg = Release|Any CPU
		{5DB1D355-A090-4757-8845-6763C5DC14C5}.Release|Any CPU.Build.0 = Release|Any CPU
		{5DB1D355-A090-4757-8845-6763C5DC14C5}.Shared|Any CPU.ActiveCfg = Shared|Any CPU
		{5DB1D355-A090-4757-8845-6763C5DC14C5}.Shared|Any CPU.Build.0 = Shared|Any CPU
	EndGlobalSection
EndGlobal
